
Microsoft Visual Studio Solution File, Format Version 12.00
# Visual Studio 15
VisualStudioVersion = 15.0.28307.271
MinimumVisualStudioVersion = 10.0.40219.1
Project("{FAE04EC0-301F-11D3-BF4B-00C04F79EFBC}") = "Army", "Army\Army.csproj", "{F0A864E6-1A62-4465-9855-B038D614F4DB}"
EndProject
Global
	GlobalSection(SolutionConfigurationPlatforms) = preSolution
		Debug|Any CPU = Debug|Any CPU
		Release|Any CPU = Release|Any CPU
	EndGlobalSection
	GlobalSection(ProjectConfigurationPlatforms) = postSolution
		{F0A864E6-1A62-4465-9855-B038D614F4DB}.Debug|Any CPU.ActiveCfg = Debug|Any CPU
		{F0A864E6-1A62-4465-9855-B038D614F4DB}.Debug|Any CPU.Build.0 = Debug|Any CPU
		{F0A864E6-1A62-4465-9855-B038D614F4DB}.Release|Any CPU.ActiveCfg = Release|Any CPU
		{F0A864E6-1A62-4465-9855-B038D614F4DB}.Release|Any CPU.Build.0 = Release|Any CPU
	EndGlobalSection
	GlobalSection(SolutionProperties) = preSolution
		HideSolutionNode = FALSE
	EndGlobalSection
	GlobalSection(ExtensibilityGlobals) = postSolution
		SolutionGuid = {C35E54AA-442B-46B2-AE27-E37DE68100A5}
	EndGlobalSection
EndGlobal
